github.com/insprac/qe v0.1.1 h1:Hj97EmTcQTL4MxLbFI8PHlig6kvOn/WOpn2nWIhXvNQ=
github.com/insprac/qe v0.1.1/go.mod h1:3OuzYWuYBMcV+iTq5wfSwFHapfTpiHFXduQurusqc2I=
github.com/insprac/qe v0.1.2 h1:jTGpk1zuEqQO0iQZwAfnSs55zdSxTRlUMWDIT4OBjpA=
github.com/insprac/qe v0.1.2/go.mod h1:3OuzYWuYBMcV+iTq5wfSwFHapfTpiHFXduQurusqc2I=
